
Microsoft Visual Studio Solution File, Format Version 12.00
# Visual Studio Version 16
VisualStudioVersion = 16.0.32428.217
MinimumVisualStudioVersion = 10.0.40219.1
Project("{FAE04EC0-301F-11D3-BF4B-00C04F79EFBC}") = "SymbolsMapRenderer", "SymbolsMapRenderer\SymbolsMapRenderer.csproj", "{9D4CD66B-5658-42CB-9EF9-8643620A5251}"
EndProject
Global
	GlobalSection(SolutionConfigurationPlatforms) = preSolution
		Debug|Any CPU = Debug|Any CPU
		Release|Any CPU = Release|Any CPU
	EndGlobalSection
	GlobalSection(ProjectConfigurationPlatforms) = postSolution
		{9D4CD66B-5658-42CB-9EF9-8643620A5251}.Debug|Any CPU.ActiveCfg = Debug|Any CPU
		{9D4CD66B-5658-42CB-9EF9-8643620A5251}.Debug|Any CPU.Build.0 = Debug|Any CPU
		{9D4CD66B-5658-42CB-9EF9-8643620A5251}.Release|Any CPU.ActiveCfg = Release|Any CPU
		{9D4CD66B-5658-42CB-9EF9-8643620A5251}.Release|Any CPU.Build.0 = Release|Any CPU
	EndGlobalSection
	GlobalSection(SolutionProperties) = preSolution
		HideSolutionNode = FALSE
	EndGlobalSection
	GlobalSection(ExtensibilityGlobals) = postSolution
		SolutionGuid = {198C631A-C1F8-4FFC-AABD-70CCC9C369F1}
	EndGlobalSection
EndGlobal
